# This file is automatically @generated by Cargo.
# It is not intended for manual editing.
version = 3

[[package]]
name = "itoa"
version = "1.0.9"
source = "registry+https://github.com/rust-lang/crates.io-index"
checksum = "af150ab688ff2122fcef229be89cb50dd66af9e01a4ff320cc137eecc9bacc38"

[[package]]
name = "leetcode_prelude"
version = "0.2.3"
source = "registry+https://github.com/rust-lang/crates.io-index"
checksum = "516d88d39fdeaa67c8b093164ab9a620f4320467fa9572261ed57b0bf98a9a23"
dependencies = [
 "leetcode_test",
]

[[package]]
name = "leetcode_test"
version = "0.1.2"
source = "registry+https://github.com/rust-lang/crates.io-index"
checksum = "b4ccc7086d50c142e0ed2d0dfade966f464e0f2f1ace5279647ca322f1327d37"
dependencies = [
 "serde_json",
]

[[package]]
name = "merge_tree"
version = "0.1.0"
dependencies = [
 "leetcode_prelude",
]

[[package]]
name = "ryu"
version = "1.0.15"
source = "registry+https://github.com/rust-lang/crates.io-index"
checksum = "1ad4cc8da4ef723ed60bced201181d83791ad433213d8c24efffda1eec85d741"

[[package]]
name = "serde"
version = "1.0.183"
source = "registry+https://github.com/rust-lang/crates.io-index"
checksum = "32ac8da02677876d532745a130fc9d8e6edfa81a269b107c5b00829b91d8eb3c"

[[package]]
name = "serde_json"
version = "1.0.104"
source = "registry+https://github.com/rust-lang/crates.io-index"
checksum = "076066c5f1078eac5b722a31827a8832fe108bed65dfa75e233c89f8206e976c"
dependencies = [
 "itoa",
 "ryu",
 "serde",
]
